
Microsoft Visual Studio Solution File, Format Version 12.00
# Visual Studio Version 17
VisualStudioVersion = 17.0.31903.59
MinimumVisualStudioVersion = 10.0.40219.1
Project("{2150E333-8FDC-42A3-9474-1A3956D46DE8}") = "src", "src", "{6E5B5A9D-7055-4341-9B35-44F8CF12E35D}"
EndProject
Project("{FAE04EC0-301F-11D3-BF4B-00C04F79EFBC}") = "Server", "src\Server\Server.csproj", "{9FF5182C-3C2E-47F5-BC77-F108E949CBDA}"
EndProject
Project("{2150E333-8FDC-42A3-9474-1A3956D46DE8}") = "Client", "Client", "{312DB145-75EF-48F8-9B9D-707D022A1D2F}"
EndProject
Project("{FAE04EC0-301F-11D3-BF4B-00C04F79EFBC}") = "Windows", "src\Client\Windows\Windows.csproj", "{F843FD97-A34D-4E2D-B0B5-0DD9EBE94043}"
EndProject
Project("{FAE04EC0-301F-11D3-BF4B-00C04F79EFBC}") = "Web", "src\Client\Web\Web.csproj", "{4CEFF01E-565A-4833-B9A4-421AD238B670}"
EndProject
Project("{FAE04EC0-301F-11D3-BF4B-00C04F79EFBC}") = "Shared", "src\Shared\Shared.csproj", "{78C46327-054B-48AE-8F6D-453B5E61B7C9}"
EndProject
Global
	GlobalSection(SolutionConfigurationPlatforms) = preSolution
		Debug|Any CPU = Debug|Any CPU
		Release|Any CPU = Release|Any CPU
	EndGlobalSection
	GlobalSection(SolutionProperties) = preSolution
		HideSolutionNode = FALSE
	EndGlobalSection
	GlobalSection(ProjectConfigurationPlatforms) = postSolution
		{9FF5182C-3C2E-47F5-BC77-F108E949CBDA}.Debug|Any CPU.ActiveCfg = Debug|Any CPU
		{9FF5182C-3C2E-47F5-BC77-F108E949CBDA}.Debug|Any CPU.Build.0 = Debug|Any CPU
		{9FF5182C-3C2E-47F5-BC77-F108E949CBDA}.Release|Any CPU.ActiveCfg = Release|Any CPU
		{9FF5182C-3C2E-47F5-BC77-F108E949CBDA}.Release|Any CPU.Build.0 = Release|Any CPU
		{F843FD97-A34D-4E2D-B0B5-0DD9EBE94043}.Debug|Any CPU.ActiveCfg = Debug|Any CPU
		{F843FD97-A34D-4E2D-B0B5-0DD9EBE94043}.Debug|Any CPU.Build.0 = Debug|Any CPU
		{F843FD97-A34D-4E2D-B0B5-0DD9EBE94043}.Release|Any CPU.ActiveCfg = Release|Any CPU
		{F843FD97-A34D-4E2D-B0B5-0DD9EBE94043}.Release|Any CPU.Build.0 = Release|Any CPU
		{4CEFF01E-565A-4833-B9A4-421AD238B670}.Debug|Any CPU.ActiveCfg = Debug|Any CPU
		{4CEFF01E-565A-4833-B9A4-421AD238B670}.Debug|Any CPU.Build.0 = Debug|Any CPU
		{4CEFF01E-565A-4833-B9A4-421AD238B670}.Release|Any CPU.ActiveCfg = Release|Any CPU
		{4CEFF01E-565A-4833-B9A4-421AD238B670}.Release|Any CPU.Build.0 = Release|Any CPU
		{78C46327-054B-48AE-8F6D-453B5E61B7C9}.Debug|Any CPU.ActiveCfg = Debug|Any CPU
		{78C46327-054B-48AE-8F6D-453B5E61B7C9}.Debug|Any CPU.Build.0 = Debug|Any CPU
		{78C46327-054B-48AE-8F6D-453B5E61B7C9}.Release|Any CPU.ActiveCfg = Release|Any CPU
		{78C46327-054B-48AE-8F6D-453B5E61B7C9}.Release|Any CPU.Build.0 = Release|Any CPU
	EndGlobalSection
	GlobalSection(NestedProjects) = preSolution
		{9FF5182C-3C2E-47F5-BC77-F108E949CBDA} = {6E5B5A9D-7055-4341-9B35-44F8CF12E35D}
		{312DB145-75EF-48F8-9B9D-707D022A1D2F} = {6E5B5A9D-7055-4341-9B35-44F8CF12E35D}
		{F843FD97-A34D-4E2D-B0B5-0DD9EBE94043} = {312DB145-75EF-48F8-9B9D-707D022A1D2F}
		{4CEFF01E-565A-4833-B9A4-421AD238B670} = {312DB145-75EF-48F8-9B9D-707D022A1D2F}
		{78C46327-054B-48AE-8F6D-453B5E61B7C9} = {6E5B5A9D-7055-4341-9B35-44F8CF12E35D}
	EndGlobalSection
EndGlobal
